
Microsoft Visual Studio Solution File, Format Version 12.00
# Visual Studio Version 16
VisualStudioVersion = 16.0.31105.61
MinimumVisualStudioVersion = 10.0.40219.1
Project("{9A19103F-16F7-4668-BE54-9A1E7A4F7556}") = "Entities", "Entities\Entities.csproj", "{69A70929-E1F8-4E2B-A050-69244BBA1006}"
EndProject
Project("{9A19103F-16F7-4668-BE54-9A1E7A4F7556}") = "DataAccess", "DataAccess\DataAccess.csproj", "{F27012A6-98A5-4A56-BD1F-F7D9CA9CE15F}"
EndProject
Project("{9A19103F-16F7-4668-BE54-9A1E7A4F7556}") = "Business", "Business\Business.csproj", "{984123A5-75FA-455C-8BA5-0840F70A4CF9}"
EndProject
Project("{9A19103F-16F7-4668-BE54-9A1E7A4F7556}") = "ConsoleUI", "ConsoleUI\ConsoleUI.csproj", "{E3D9C2CA-3A50-4736-A536-1927163C388F}"
EndProject
Project("{FAE04EC0-301F-11D3-BF4B-00C04F79EFBC}") = "Core", "Core\Core.csproj", "{61375689-0C14-4855-9513-FD95B844AD7D}"
EndProject
Global
	GlobalSection(SolutionConfigurationPlatforms) = preSolution
		Debug|Any CPU = Debug|Any CPU
		Release|Any CPU = Release|Any CPU
	EndGlobalSection
	GlobalSection(ProjectConfigurationPlatforms) = postSolution
		{69A70929-E1F8-4E2B-A050-69244BBA1006}.Debug|Any CPU.ActiveCfg = Debug|Any CPU
		{69A70929-E1F8-4E2B-A050-69244BBA1006}.Debug|Any CPU.Build.0 = Debug|Any CPU
		{69A70929-E1F8-4E2B-A050-69244BBA1006}.Release|Any CPU.ActiveCfg = Release|Any CPU
		{69A70929-E1F8-4E2B-A050-69244BBA1006}.Release|Any CPU.Build.0 = Release|Any CPU
		{F27012A6-98A5-4A56-BD1F-F7D9CA9CE15F}.Debug|Any CPU.ActiveCfg = Debug|Any CPU
		{F27012A6-98A5-4A56-BD1F-F7D9CA9CE15F}.Debug|Any CPU.Build.0 = Debug|Any CPU
		{F27012A6-98A5-4A56-BD1F-F7D9CA9CE15F}.Release|Any CPU.ActiveCfg = Release|Any CPU
		{F27012A6-98A5-4A56-BD1F-F7D9CA9CE15F}.Release|Any CPU.Build.0 = Release|Any CPU
		{984123A5-75FA-455C-8BA5-0840F70A4CF9}.Debug|Any CPU.ActiveCfg = Debug|Any CPU
		{984123A5-75FA-455C-8BA5-0840F70A4CF9}.Debug|Any CPU.Build.0 = Debug|Any CPU
		{984123A5-75FA-455C-8BA5-0840F70A4CF9}.Release|Any CPU.ActiveCfg = Release|Any CPU
		{984123A5-75FA-455C-8BA5-0840F70A4CF9}.Release|Any CPU.Build.0 = Release|Any CPU
		{E3D9C2CA-3A50-4736-A536-1927163C388F}.Debug|Any CPU.ActiveCfg = Debug|Any CPU
		{E3D9C2CA-3A50-4736-A536-1927163C388F}.Debug|Any CPU.Build.0 = Debug|Any CPU
		{E3D9C2CA-3A50-4736-A536-1927163C388F}.Release|Any CPU.ActiveCfg = Release|Any CPU
		{E3D9C2CA-3A50-4736-A536-1927163C388F}.Release|Any CPU.Build.0 = Release|Any CPU
		{61375689-0C14-4855-9513-FD95B844AD7D}.Debug|Any CPU.ActiveCfg = Debug|Any CPU
		{61375689-0C14-4855-9513-FD95B844AD7D}.Debug|Any CPU.Build.0 = Debug|Any CPU
		{61375689-0C14-4855-9513-FD95B844AD7D}.Release|Any CPU.ActiveCfg = Release|Any CPU
		{61375689-0C14-4855-9513-FD95B844AD7D}.Release|Any CPU.Build.0 = Release|Any CPU
	EndGlobalSection
	GlobalSection(SolutionProperties) = preSolution
		HideSolutionNode = FALSE
	EndGlobalSection
	GlobalSection(ExtensibilityGlobals) = postSolution
		SolutionGuid = {D204F38E-E08C-487F-9A62-5241E515CD1D}
	EndGlobalSection
EndGlobal
